
Microsoft Visual Studio Solution File, Format Version 12.00
# Visual Studio Version 16
VisualStudioVersion = 16.0.32929.386
MinimumVisualStudioVersion = 10.0.40219.1
Project("{FAE04EC0-301F-11D3-BF4B-00C04F79EFBC}") = "Interfase01.Consola", "Interfase01.Consola\Interfase01.Consola.csproj", "{54C29668-45FF-4377-B2C3-3A4CA40102D0}"
EndProject
Project("{FAE04EC0-301F-11D3-BF4B-00C04F79EFBC}") = "Interfase01.Entidades", "Interfase01.Entidades\Interfase01.Entidades.csproj", "{A1E103BA-A569-49DF-B1F4-296E3A09B37E}"
EndProject
Global
	GlobalSection(SolutionConfigurationPlatforms) = preSolution
		Debug|Any CPU = Debug|Any CPU
		Release|Any CPU = Release|Any CPU
	EndGlobalSection
	GlobalSection(ProjectConfigurationPlatforms) = postSolution
		{54C29668-45FF-4377-B2C3-3A4CA40102D0}.Debug|Any CPU.ActiveCfg = Debug|Any CPU
		{54C29668-45FF-4377-B2C3-3A4CA40102D0}.Debug|Any CPU.Build.0 = Debug|Any CPU
		{54C29668-45FF-4377-B2C3-3A4CA40102D0}.Release|Any CPU.ActiveCfg = Release|Any CPU
		{54C29668-45FF-4377-B2C3-3A4CA40102D0}.Release|Any CPU.Build.0 = Release|Any CPU
		{A1E103BA-A569-49DF-B1F4-296E3A09B37E}.Debug|Any CPU.ActiveCfg = Debug|Any CPU
		{A1E103BA-A569-49DF-B1F4-296E3A09B37E}.Debug|Any CPU.Build.0 = Debug|Any CPU
		{A1E103BA-A569-49DF-B1F4-296E3A09B37E}.Release|Any CPU.ActiveCfg = Release|Any CPU
		{A1E103BA-A569-49DF-B1F4-296E3A09B37E}.Release|Any CPU.Build.0 = Release|Any CPU
	EndGlobalSection
	GlobalSection(SolutionProperties) = preSolution
		HideSolutionNode = FALSE
	EndGlobalSection
	GlobalSection(ExtensibilityGlobals) = postSolution
		SolutionGuid = {027E01EE-0D2E-4483-A0B8-1741F1511F7B}
	EndGlobalSection
EndGlobal
